{
    "_readme": [
        "This file locks the dependencies of your project to a known state",
        "Read more about it at https://getcomposer.org/doc/01-basic-usage.md#composer-lock-the-lock-file",
        "This file is @generated automatically"
    ],
    "hash": "e6c5b946d1c0da6af5e52e7d9c419612",
    "content-hash": "50a3c0da219b9946d2a2795c4734ac19",
    "packages": [],
    "packages-dev": [
        {
            "name": "rregeer/phpunit-coverage-check",
            "version": "0.1.3",
            "source": {
                "type": "git",
                "url": "https://github.com/richardregeer/phpunit-coverage-check.git",
                "reference": "d9f999a2038b00817f75491e3b071dbee200477a"
            },
            "dist": {
                "type": "zip",
                "url": "https://api.github.com/repos/richardregeer/phpunit-coverage-check/zipball/d9f999a2038b00817f75491e3b071dbee200477a",
                "reference": "d9f999a2038b00817f75491e3b071dbee200477a",
                "shasum": ""
            },
            "require": {
                "php": ">=5.5.0"
            },
            "bin": [
                "bin/",
                "bin/coverage-check"
            ],
            "type": "library",
            "notification-url": "https://packagist.org/downloads/",
            "license": [
                "MIT"
            ],
            "authors": [
                {
                    "name": "Richard Regeer",
                    "email": "rich2309@gmail.com"
                }
            ],
            "description": "Check the code coverage using the clover report of phpunit",
            "keywords": [
                "ci",
                "code coverage",
                "php",
                "phpunit",
                "testing",
                "unittest"
            ],
            "time": "2016-05-09 18:06:14"
        }
    ],
    "aliases": [],
    "minimum-stability": "stable",
    "stability-flags": [],
    "prefer-stable": false,
    "prefer-lowest": false,
    "platform": [],
    "platform-dev": []
}
